{
  "object": {
    "pins": [
      {
        "package": "Base58Swift",
        "repositoryURL": "https://github.com/keefertaylor/Base58Swift",
        "state": {
          "branch": null,
          "revision": "1c13ea6b07f1584660526f8bde3d4cc150e91acd",
          "version": "2.1.14"
        }
      },
      {
        "package": "CryptoSwift",
        "repositoryURL": "https://github.com/krzyzanowskim/CryptoSwift.git",
        "state": {
          "branch": null,
          "revision": "12f2389aca4a07e0dd54c86ec23d0721ed88b8db",
          "version": "1.4.3"
        }
      },
      {
        "package": "ed25519swift",
        "repositoryURL": "https://github.com/crewshin/ed25519swift",
        "state": {
          "branch": null,
          "revision": "b14719cad9fa541a5ec9b3de5aff8e9c4cc6ea07",
          "version": "1.2.6"
        }
      },
      {
        "package": "GenericJSON",
        "repositoryURL": "https://github.com/zoul/generic-json-swift",
        "state": {
          "branch": null,
          "revision": "a137894b2a217abe489cdf1ea287e6f7819b1051",
          "version": "2.0.1"
        }
      },
      {
        "package": "secp256k1",
        "repositoryURL": "https://github.com/Boilertalk/secp256k1.swift",
        "state": {
          "branch": null,
          "revision": "45e458ec3be46cf0a6eb68bc947f797852dc65d8",
          "version": "0.1.6"
        }
      },
      {
        "package": "Solana",
        "repositoryURL": "https://github.com/crewshin/solana-swift.git",
        "state": {
          "branch": null,
          "revision": "fbd76e723ba56b57e5b594a68a5d624bc5d87faf",
          "version": "0.0.3"
        }
      },
      {
        "package": "web3.swift",
        "repositoryURL": "https://github.com/argentlabs/web3.swift",
        "state": {
          "branch": null,
          "revision": "23246805707db1ff2b65e651eac1e2904957a569",
          "version": "0.9.3"
        }
      }
    ]
  },
  "version": 1
}
